
Microsoft Visual Studio Solution File, Format Version 12.00
# Visual Studio Version 17
VisualStudioVersion = 17.9.34616.47
MinimumVisualStudioVersion = 10.0.40219.1
Project("{9A19103F-16F7-4668-BE54-9A1E7A4F7556}") = "AITemplate", "AITemplate\AITemplate.csproj", "{946A3CDE-D2BA-4CBE-A9F9-7EE6C7499653}"
EndProject
Global
	GlobalSection(SolutionConfigurationPlatforms) = preSolution
		Debug|Any CPU = Debug|Any CPU
		Release|Any CPU = Release|Any CPU
	EndGlobalSection
	GlobalSection(ProjectConfigurationPlatforms) = postSolution
		{946A3CDE-D2BA-4CBE-A9F9-7EE6C7499653}.Debug|Any CPU.ActiveCfg = Debug|Any CPU
		{946A3CDE-D2BA-4CBE-A9F9-7EE6C7499653}.Debug|Any CPU.Build.0 = Debug|Any CPU
		{946A3CDE-D2BA-4CBE-A9F9-7EE6C7499653}.Release|Any CPU.ActiveCfg = Release|Any CPU
		{946A3CDE-D2BA-4CBE-A9F9-7EE6C7499653}.Release|Any CPU.Build.0 = Release|Any CPU
	EndGlobalSection
	GlobalSection(SolutionProperties) = preSolution
		HideSolutionNode = FALSE
	EndGlobalSection
	GlobalSection(ExtensibilityGlobals) = postSolution
		SolutionGuid = {06159365-E10E-4194-82DF-1EB07E14722D}
	EndGlobalSection
EndGlobal
